// !$*UTF8*$!
{
	archiveVersion = 1;
	classes = {
	};
	objectVersion = 48;
	objects = {

/* Begin PBXBuildFile section */
		905478051F89D4620070DBC2 /* NavViewController.swift in Sources */ = {isa = PBXBuildFile; fileRef = 905478041F89D4620070DBC2 /* NavViewController.swift */; };
		90B572571F877BA900956D45 /* AppDelegate.swift in Sources */ = {isa = PBXBuildFile; fileRef = 90B572561F877BA900956D45 /* AppDelegate.swift */; };
		90B572591F877BA900956D45 /* ViewController.swift in Sources */ = {isa = PBXBuildFile; fileRef = 90B572581F877BA900956D45 /* ViewController.swift */; };
		90B5725C1F877BA900956D45 /* Main.storyboard in Resources */ = {isa = PBXBuildFile; fileRef = 90B5725A1F877BA900956D45 /* Main.storyboard */; };
		90B5725F1F877BA900956D45 /* TabbarVC.xcdatamodeld in Sources */ = {isa = PBXBuildFile; fileRef = 90B5725D1F877BA900956D45 /* TabbarVC.xcdatamodeld */; };
		90B572611F877BA900956D45 /* Assets.xcassets in Resources */ = {isa = PBXBuildFile; fileRef = 90B572601F877BA900956D45 /* Assets.xcassets */; };
		90B572641F877BA900956D45 /* LaunchScreen.storyboard in Resources */ = {isa = PBXBuildFile; fileRef = 90B572621F877BA900956D45 /* LaunchScreen.storyboard */; };
		90B5726C1F877C5200956D45 /* LoginViewController.swift in Sources */ = {isa = PBXBuildFile; fileRef = 90B5726B1F877C5200956D45 /* LoginViewController.swift */; };
		90B5726E1F877FC800956D45 /* Tab1ViewController.swift in Sources */ = {isa = PBXBuildFile; fileRef = 90B5726D1F877FC800956D45 /* Tab1ViewController.swift */; };
		90B572701F877FF500956D45 /* Tab2ViewController.swift in Sources */ = {isa = PBXBuildFile; fileRef = 90B5726F1F877FF500956D45 /* Tab2ViewController.swift */; };
/* End PBXBuildFile section */

/* Begin PBXFileReference section */
		905478041F89D4620070DBC2 /* NavViewController.swift */ = {isa = PBXFileReference; lastKnownFileType = sourcecode.swift; path = NavViewController.swift; sourceTree = "<group>"; };
		90B572531F877BA900956D45 /* TabbarVC.app */ = {isa = PBXFileReference; explicitFileType = wrapper.application; includeInIndex = 0; path = TabbarVC.app; sourceTree = BUILT_PRODUCTS_DIR; };
		90B572561F877BA900956D45 /* AppDelegate.swift */ = {isa = PBXFileReference; lastKnownFileType = sourcecode.swift; path = AppDelegate.swift; sourceTree = "<group>"; };
		90B572581F877BA900956D45 /* ViewController.swift */ = {isa = PBXFileReference; lastKnownFileType = sourcecode.swift; path = ViewController.swift; sourceTree = "<group>"; };
		90B5725B1F877BA900956D45 /* Base */ = {isa = PBXFileReference; lastKnownFileType = file.storyboard; name = Base; path = Base.lproj/Main.storyboard; sourceTree = "<group>"; };
		90B5725E1F877BA900956D45 /* TabbarVC.xcdatamodel */ = {isa = PBXFileReference; lastKnownFileType = wrapper.xcdatamodel; path = TabbarVC.xcdatamodel; sourceTree = "<group>"; };
		90B572601F877BA900956D45 /* Assets.xcassets */ = {isa = PBXFileReference; lastKnownFileType = folder.assetcatalog; path = Assets.xcassets; sourceTree = "<group>"; };
		90B572631F877BA900956D45 /* Base */ = {isa = PBXFileReference; lastKnownFileType = file.storyboard; name = Base; path = Base.lproj/LaunchScreen.storyboard; sourceTree = "<group>"; };
		90B572651F877BA900956D45 /* Info.plist */ = {isa = PBXFileReference; lastKnownFileType = text.plist.xml; path = Info.plist; sourceTree = "<group>"; };
		90B5726B1F877C5200956D45 /* LoginViewController.swift */ = {isa = PBXFileReference; lastKnownFileType = sourcecode.swift; path = LoginViewController.swift; sourceTree = "<group>"; };
		90B5726D1F877FC800956D45 /* Tab1ViewController.swift */ = {isa = PBXFileReference; lastKnownFileType = sourcecode.swift; path = Tab1ViewController.swift; sourceTree = "<group>"; };
		90B5726F1F877FF500956D45 /* Tab2ViewController.swift */ = {isa = PBXFileReference; lastKnownFileType = sourcecode.swift; path = Tab2ViewController.swift; sourceTree = "<group>"; };
/* End PBXFileReference section */

/* Begin PBXFrameworksBuildPhase section */
		90B572501F877BA900956D45 /* Frameworks */ = {
			isa = PBXFrameworksBuildPhase;
			buildActionMask = 2147483647;
			files = (
			);
			runOnlyForDeploymentPostprocessing = 0;
		};
/* End PBXFrameworksBuildPhase section */

/* Begin PBXGroup section */
		90B5724A1F877BA900956D45 = {
			isa = PBXGroup;
			children = (
				90B572551F877BA900956D45 /* TabbarVC */,
				90B572541F877BA900956D45 /* Products */,
			);
			sourceTree = "<group>";
		};
		90B572541F877BA900956D45 /* Products */ = {
			isa = PBXGroup;
			children = (
				90B572531F877BA900956D45 /* TabbarVC.app */,
			);
			name = Products;
			sourceTree = "<group>";
		};
		90B572551F877BA900956D45 /* TabbarVC */ = {
			isa = PBXGroup;
			children = (
				90B572561F877BA900956D45 /* AppDelegate.swift */,
				90B572581F877BA900956D45 /* ViewController.swift */,
				90B5725A1F877BA900956D45 /* Main.storyboard */,
				90B572601F877BA900956D45 /* Assets.xcassets */,
				90B572621F877BA900956D45 /* LaunchScreen.storyboard */,
				90B572651F877BA900956D45 /* Info.plist */,
				90B5725D1F877BA900956D45 /* TabbarVC.xcdatamodeld */,
				90B5726B1F877C5200956D45 /* LoginViewController.swift */,
				90B5726D1F877FC800956D45 /* Tab1ViewController.swift */,
				90B5726F1F877FF500956D45 /* Tab2ViewController.swift */,
				905478041F89D4620070DBC2 /* NavViewController.swift */,
			);
			path = TabbarVC;
			sourceTree = "<group>";
		};
/* End PBXGroup section */

/* Begin PBXNativeTarget section */
		90B572521F877BA900956D45 /* TabbarVC */ = {
			isa = PBXNativeTarget;
			buildConfigurationList = 90B572681F877BA900956D45 /* Build configuration list for PBXNativeTarget "TabbarVC" */;
			buildPhases = (
				90B5724F1F877BA900956D45 /* Sources */,
				90B572501F877BA900956D45 /* Frameworks */,
				90B572511F877BA900956D45 /* Resources */,
			);
			buildRules = (
			);
			dependencies = (
			);
			name = TabbarVC;
			productName = TabbarVC;
			productReference = 90B572531F877BA900956D45 /* TabbarVC.app */;
			productType = "com.apple.product-type.application";
		};
/* End PBXNativeTarget section */

/* Begin PBXProject section */
		90B5724B1F877BA900956D45 /* Project object */ = {
			isa = PBXProject;
			attributes = {
				LastSwiftUpdateCheck = 0900;
				LastUpgradeCheck = 0900;
				ORGANIZATIONNAME = kratostracking;
				TargetAttributes = {
					90B572521F877BA900956D45 = {
						CreatedOnToolsVersion = 9.0;
						ProvisioningStyle = Automatic;
					};
				};
			};
			buildConfigurationList = 90B5724E1F877BA900956D45 /* Build configuration list for PBXProject "TabbarVC" */;
			compatibilityVersion = "Xcode 8.0";
			developmentRegion = en;
			hasScannedForEncodings = 0;
			knownRegions = (
				en,
				Base,
			);
			mainGroup = 90B5724A1F877BA900956D45;
			productRefGroup = 90B572541F877BA900956D45 /* Products */;
			projectDirPath = "";
			projectRoot = "";
			targets = (
				90B572521F877BA900956D45 /* TabbarVC */,
			);
		};
/* End PBXProject section */

/* Begin PBXResourcesBuildPhase section */
		90B572511F877BA900956D45 /* Resources */ = {
			isa = PBXResourcesBuildPhase;
			buildActionMask = 2147483647;
			files = (
				90B572641F877BA900956D45 /* LaunchScreen.storyboard in Resources */,
				90B572611F877BA900956D45 /* Assets.xcassets in Resources */,
				90B5725C1F877BA900956D45 /* Main.storyboard in Resources */,
			);
			runOnlyForDeploymentPostprocessing = 0;
		};
/* End PBXResourcesBuildPhase section */

/* Begin PBXSourcesBuildPhase section */
		90B5724F1F877BA900956D45 /* Sources */ = {
			isa = PBXSourcesBuildPhase;
			buildActionMask = 2147483647;
			files = (
				90B5726C1F877C5200956D45 /* LoginViewController.swift in Sources */,
				905478051F89D4620070DBC2 /* NavViewController.swift in Sources */,
				90B572591F877BA900956D45 /* ViewController.swift in Sources */,
				90B572571F877BA900956D45 /* AppDelegate.swift in Sources */,
				90B5726E1F877FC800956D45 /* Tab1ViewController.swift in Sources */,
				90B5725F1F877BA900956D45 /* TabbarVC.xcdatamodeld in Sources */,
				90B572701F877FF500956D45 /* Tab2ViewController.swift in Sources */,
			);
			runOnlyForDeploymentPostprocessing = 0;
		};
/* End PBXSourcesBuildPhase section */

/* Begin PBXVariantGroup section */
		90B5725A1F877BA900956D45 /* Main.storyboard */ = {
			isa = PBXVariantGroup;
			children = (
				90B5725B1F877BA900956D45 /* Base */,
			);
			name = Main.storyboard;
			sourceTree = "<group>";
		};
		90B572621F877BA900956D45 /* LaunchScreen.storyboard */ = {
			isa = PBXVariantGroup;
			children = (
				90B572631F877BA900956D45 /* Base */,
			);
			name = LaunchScreen.storyboard;
			sourceTree = "<group>";
		};
/* End PBXVariantGroup section */

/* Begin XCBuildConfiguration section */
		90B572661F877BA900956D45 /* Debug */ = {
			isa = XCBuildConfiguration;
			buildSettings = {
				ALWAYS_SEARCH_USER_PATHS = NO;
				CLANG_ANALYZER_NONNULL = YES;
				CLANG_ANALYZER_NUMBER_OBJECT_CONVERSION = YES_AGGRESSIVE;
				CLANG_CXX_LANGUAGE_STANDARD = "gnu++14";
				CLANG_CXX_LIBRARY = "libc++";
				CLANG_ENABLE_MODULES = YES;
				CLANG_ENABLE_OBJC_ARC = YES;
				CLANG_WARN_BLOCK_CAPTURE_AUTORELEASING = YES;
				CLANG_WARN_BOOL_CONVERSION = YES;
				CLANG_WARN_COMMA = YES;
				CLANG_WARN_CONSTANT_CONVERSION = YES;
				CLANG_WARN_DIRECT_OBJC_ISA_USAGE = YES_ERROR;
				CLANG_WARN_DOCUMENTATION_COMMENTS = YES;
				CLANG_WARN_EMPTY_BODY = YES;
				CLANG_WARN_ENUM_CONVERSION = YES;
				CLANG_WARN_INFINITE_RECURSION = YES;
				CLANG_WARN_INT_CONVERSION = YES;
				CLANG_WARN_NON_LITERAL_NULL_CONVERSION = YES;
				CLANG_WARN_OBJC_LITERAL_CONVERSION = YES;
				CLANG_WARN_OBJC_ROOT_CLASS = YES_ERROR;
				CLANG_WARN_RANGE_LOOP_ANALYSIS = YES;
				CLANG_WARN_STRICT_PROTOTYPES = YES;
				CLANG_WARN_SUSPICIOUS_MOVE = YES;
				CLANG_WARN_UNGUARDED_AVAILABILITY = YES_AGGRESSIVE;
				CLANG_WARN_UNREACHABLE_CODE = YES;
				CLANG_WARN__DUPLICATE_METHOD_MATCH = YES;
				CODE_SIGN_IDENTITY = "iPhone Developer";
				COPY_PHASE_STRIP = NO;
				DEBUG_INFORMATION_FORMAT = dwarf;
				ENABLE_STRICT_OBJC_MSGSEND = YES;
				ENABLE_TESTABILITY = YES;
				GCC_C_LANGUAGE_STANDARD = gnu11;
				GCC_DYNAMIC_NO_PIC = NO;
				GCC_NO_COMMON_BLOCKS = YES;
				GCC_OPTIMIZATION_LEVEL = 0;
				GCC_PREPROCESSOR_DEFINITIONS = (
					"DEBUG=1",
					"$(inherited)",
				);
				GCC_WARN_64_TO_32_BIT_CONVERSION = YES;
				GCC_WARN_ABOUT_RETURN_TYPE = YES_ERROR;
				GCC_WARN_UNDECLARED_SELECTOR = YES;
				GCC_WARN_UNINITIALIZED_AUTOS = YES_AGGRESSIVE;
				GCC_WARN_UNUSED_FUNCTION = YES;
				GCC_WARN_UNUSED_VARIABLE = YES;
				IPHONEOS_DEPLOYMENT_TARGET = 11.0;
				MTL_ENABLE_DEBUG_INFO = YES;
				ONLY_ACTIVE_ARCH = YES;
				SDKROOT = iphoneos;
				SWIFT_ACTIVE_COMPILATION_CONDITIONS = DEBUG;
				SWIFT_OPTIMIZATION_LEVEL = "-Onone";
			};
			name = Debug;
		};
		90B572671F877BA900956D45 /* Release */ = {
			isa = XCBuildConfiguration;
			buildSettings = {
				ALWAYS_SEARCH_USER_PATHS = NO;
				CLANG_ANALYZER_NONNULL = YES;
				CLANG_ANALYZER_NUMBER_OBJECT_CONVERSION = YES_AGGRESSIVE;
				CLANG_CXX_LANGUAGE_STANDARD = "gnu++14";
				CLANG_CXX_LIBRARY = "libc++";
				CLANG_ENABLE_MODULES = YES;
				CLANG_ENABLE_OBJC_ARC = YES;
				CLANG_WARN_BLOCK_CAPTURE_AUTORELEASING = YES;
				CLANG_WARN_BOOL_CONVERSION = YES;
				CLANG_WARN_COMMA = YES;
				CLANG_WARN_CONSTANT_CONVERSION = YES;
				CLANG_WARN_DIRECT_OBJC_ISA_USAGE = YES_ERROR;
				CLANG_WARN_DOCUMENTATION_COMMENTS = YES;
				CLANG_WARN_EMPTY_BODY = YES;
				CLANG_WARN_ENUM_CONVERSION = YES;
				CLANG_WARN_INFINITE_RECURSION = YES;
				CLANG_WARN_INT_CONVERSION = YES;
				CLANG_WARN_NON_LITERAL_NULL_CONVERSION = YES;
				CLANG_WARN_OBJC_LITERAL_CONVERSION = YES;
				CLANG_WARN_OBJC_ROOT_CLASS = YES_ERROR;
				CLANG_WARN_RANGE_LOOP_ANALYSIS = YES;
				CLANG_WARN_STRICT_PROTOTYPES = YES;
				CLANG_WARN_SUSPICIOUS_MOVE = YES;
				CLANG_WARN_UNGUARDED_AVAILABILITY = YES_AGGRESSIVE;
				CLANG_WARN_UNREACHABLE_CODE = YES;
				CLANG_WARN__DUPLICATE_METHOD_MATCH = YES;
				CODE_SIGN_IDENTITY = "iPhone Developer";
				COPY_PHASE_STRIP = NO;
				DEBUG_INFORMATION_FORMAT = "dwarf-with-dsym";
				ENABLE_NS_ASSERTIONS = NO;
				ENABLE_STRICT_OBJC_MSGSEND = YES;
				GCC_C_LANGUAGE_STANDARD = gnu11;
				GCC_NO_COMMON_BLOCKS = YES;
				GCC_WARN_64_TO_32_BIT_CONVERSION = YES;
				GCC_WARN_ABOUT_RETURN_TYPE = YES_ERROR;
				GCC_WARN_UNDECLARED_SELECTOR = YES;
				GCC_WARN_UNINITIALIZED_AUTOS = YES_AGGRESSIVE;
				GCC_WARN_UNUSED_FUNCTION = YES;
				GCC_WARN_UNUSED_VARIABLE = YES;
				IPHONEOS_DEPLOYMENT_TARGET = 11.0;
				MTL_ENABLE_DEBUG_INFO = NO;
				SDKROOT = iphoneos;
				SWIFT_OPTIMIZATION_LEVEL = "-Owholemodule";
				VALIDATE_PRODUCT = YES;
			};
			name = Release;
		};
		90B572691F877BA900956D45 /* Debug */ = {
			isa = XCBuildConfiguration;
			buildSettings = {
				ASSETCATALOG_COMPILER_APPICON_NAME = AppIcon;
				CODE_SIGN_STYLE = Automatic;
				DEVELOPMENT_TEAM = 2YYUV9CRB3;
				INFOPLIST_FILE = TabbarVC/Info.plist;
				LD_RUNPATH_SEARCH_PATHS = "$(inherited) @executable_path/Frameworks";
				PRODUCT_BUNDLE_IDENTIFIER = com.kratostracking.TabbarVC;
				PRODUCT_NAME = "$(TARGET_NAME)";
				SWIFT_VERSION = 4.0;
				TARGETED_DEVICE_FAMILY = "1,2";
			};
			name = Debug;
		};
		90B5726A1F877BA900956D45 /* Release */ = {
			isa = XCBuildConfiguration;
			buildSettings = {
				ASSETCATALOG_COMPILER_APPICON_NAME = AppIcon;
				CODE_SIGN_STYLE = Automatic;
				DEVELOPMENT_TEAM = 2YYUV9CRB3;
				INFOPLIST_FILE = TabbarVC/Info.plist;
				LD_RUNPATH_SEARCH_PATHS = "$(inherited) @executable_path/Frameworks";
				PRODUCT_BUNDLE_IDENTIFIER = com.kratostracking.TabbarVC;
				PRODUCT_NAME = "$(TARGET_NAME)";
				SWIFT_VERSION = 4.0;
				TARGETED_DEVICE_FAMILY = "1,2";
			};
			name = Release;
		};
/* End XCBuildConfiguration section */

/* Begin XCConfigurationList section */
		90B5724E1F877BA900956D45 /* Build configuration list for PBXProject "TabbarVC" */ = {
			isa = XCConfigurationList;
			buildConfigurations = (
				90B572661F877BA900956D45 /* Debug */,
				90B572671F877BA900956D45 /* Release */,
			);
			defaultConfigurationIsVisible = 0;
			defaultConfigurationName = Release;
		};
		90B572681F877BA900956D45 /* Build configuration list for PBXNativeTarget "TabbarVC" */ = {
			isa = XCConfigurationList;
			buildConfigurations = (
				90B572691F877BA900956D45 /* Debug */,
				90B5726A1F877BA900956D45 /* Release */,
			);
			defaultConfigurationIsVisible = 0;
			defaultConfigurationName = Release;
		};
/* End XCConfigurationList section */

/* Begin XCVersionGroup section */
		90B5725D1F877BA900956D45 /* TabbarVC.xcdatamodeld */ = {
			isa = XCVersionGroup;
			children = (
				90B5725E1F877BA900956D45 /* TabbarVC.xcdatamodel */,
			);
			currentVersion = 90B5725E1F877BA900956D45 /* TabbarVC.xcdatamodel */;
			path = TabbarVC.xcdatamodeld;
			sourceTree = "<group>";
			versionGroupType = wrapper.xcdatamodel;
		};
/* End XCVersionGroup section */
	};
	rootObject = 90B5724B1F877BA900956D45 /* Project object */;
}
